
Microsoft Visual Studio Solution File, Format Version 11.00
# Visual Studio 2010
Project("{FAE04EC0-301F-11D3-BF4B-00C04F79EFBC}") = "Assembly-CSharp", "Assembly-CSharp.csproj", "{e60df09d-6b6d-b798-9c14-0d6e901667c1}"
EndProject
Project("{FAE04EC0-301F-11D3-BF4B-00C04F79EFBC}") = "Assembly-CSharp-firstpass", "Assembly-CSharp-firstpass.csproj", "{1449c63c-43e6-c4ff-d9bf-1d22aec1c01a}"
EndProject
Project("{FAE04EC0-301F-11D3-BF4B-00C04F79EFBC}") = "Assembly-CSharp-Editor-firstpass", "Assembly-CSharp-Editor-firstpass.csproj", "{068246bb-e686-d079-f142-6d0be31bd177}"
EndProject
Global
	GlobalSection(SolutionConfigurationPlatforms) = preSolution
		Debug|Any CPU = Debug|Any CPU
	EndGlobalSection
	GlobalSection(ProjectConfigurationPlatforms) = postSolution
		{e60df09d-6b6d-b798-9c14-0d6e901667c1}.Debug|Any CPU.ActiveCfg = Debug|Any CPU
		{e60df09d-6b6d-b798-9c14-0d6e901667c1}.Debug|Any CPU.Build.0 = Debug|Any CPU
		{1449c63c-43e6-c4ff-d9bf-1d22aec1c01a}.Debug|Any CPU.ActiveCfg = Debug|Any CPU
		{1449c63c-43e6-c4ff-d9bf-1d22aec1c01a}.Debug|Any CPU.Build.0 = Debug|Any CPU
		{068246bb-e686-d079-f142-6d0be31bd177}.Debug|Any CPU.ActiveCfg = Debug|Any CPU
		{068246bb-e686-d079-f142-6d0be31bd177}.Debug|Any CPU.Build.0 = Debug|Any CPU
	EndGlobalSection
	GlobalSection(SolutionProperties) = preSolution
		HideSolutionNode = FALSE
	EndGlobalSection
EndGlobal
